
Microsoft Visual Studio Solution File, Format Version 12.00
# Visual Studio Version 17
VisualStudioVersion = 17.4.33122.133
MinimumVisualStudioVersion = 10.0.40219.1
Project("{FAE04EC0-301F-11D3-BF4B-00C04F79EFBC}") = "Szachy3", "Szachy3\Szachy3.csproj", "{10C4B866-917C-4102-82BB-1CACF5914EBE}"
EndProject
Global
	GlobalSection(SolutionConfigurationPlatforms) = preSolution
		Debug|Any CPU = Debug|Any CPU
		Release|Any CPU = Release|Any CPU
	EndGlobalSection
	GlobalSection(ProjectConfigurationPlatforms) = postSolution
		{10C4B866-917C-4102-82BB-1CACF5914EBE}.Debug|Any CPU.ActiveCfg = Debug|Any CPU
		{10C4B866-917C-4102-82BB-1CACF5914EBE}.Debug|Any CPU.Build.0 = Debug|Any CPU
		{10C4B866-917C-4102-82BB-1CACF5914EBE}.Release|Any CPU.ActiveCfg = Release|Any CPU
		{10C4B866-917C-4102-82BB-1CACF5914EBE}.Release|Any CPU.Build.0 = Release|Any CPU
	EndGlobalSection
	GlobalSection(SolutionProperties) = preSolution
		HideSolutionNode = FALSE
	EndGlobalSection
	GlobalSection(ExtensibilityGlobals) = postSolution
		SolutionGuid = {A8D96B90-D1B9-45B5-8222-37139C9D9EA8}
	EndGlobalSection
EndGlobal
